
Microsoft Visual Studio Solution File, Format Version 12.00
# Visual Studio Version 16
VisualStudioVersion = 16.0.30804.86
MinimumVisualStudioVersion = 10.0.40219.1
Project("{FAE04EC0-301F-11D3-BF4B-00C04F79EFBC}") = "ConsoleWebScraper", "ConsoleWebScraper\ConsoleWebScraper.csproj", "{1FB4908B-4994-48B5-8379-C78724BC958D}"
EndProject
Global
	GlobalSection(SolutionConfigurationPlatforms) = preSolution
		Debug|Any CPU = Debug|Any CPU
		Release|Any CPU = Release|Any CPU
	EndGlobalSection
	GlobalSection(ProjectConfigurationPlatforms) = postSolution
		{1FB4908B-4994-48B5-8379-C78724BC958D}.Debug|Any CPU.ActiveCfg = Debug|Any CPU
		{1FB4908B-4994-48B5-8379-C78724BC958D}.Debug|Any CPU.Build.0 = Debug|Any CPU
		{1FB4908B-4994-48B5-8379-C78724BC958D}.Release|Any CPU.ActiveCfg = Release|Any CPU
		{1FB4908B-4994-48B5-8379-C78724BC958D}.Release|Any CPU.Build.0 = Release|Any CPU
	EndGlobalSection
	GlobalSection(SolutionProperties) = preSolution
		HideSolutionNode = FALSE
	EndGlobalSection
	GlobalSection(ExtensibilityGlobals) = postSolution
		SolutionGuid = {B65CFC46-BB7F-4641-8C75-073DE7C55093}
	EndGlobalSection
EndGlobal
